
Microsoft Visual Studio Solution File, Format Version 12.00
# Visual Studio Version 17
VisualStudioVersion = 17.6.33815.320
MinimumVisualStudioVersion = 10.0.40219.1
Project("{8BC9CEB8-8B4A-11D0-8D11-00A0C91BC942}") = "kollok_11_23", "kollok_11_23\kollok_11_23.vcxproj", "{05710F49-EBCA-4EFF-8D30-5555119DB7CF}"
EndProject
Global
	GlobalSection(SolutionConfigurationPlatforms) = preSolution
		Debug|x64 = Debug|x64
		Debug|x86 = Debug|x86
		Release|x64 = Release|x64
		Release|x86 = Release|x86
	EndGlobalSection
	GlobalSection(ProjectConfigurationPlatforms) = postSolution
		{05710F49-EBCA-4EFF-8D30-5555119DB7CF}.Debug|x64.ActiveCfg = Debug|x64
		{05710F49-EBCA-4EFF-8D30-5555119DB7CF}.Debug|x64.Build.0 = Debug|x64
		{05710F49-EBCA-4EFF-8D30-5555119DB7CF}.Debug|x86.ActiveCfg = Debug|Win32
		{05710F49-EBCA-4EFF-8D30-5555119DB7CF}.Debug|x86.Build.0 = Debug|Win32
		{05710F49-EBCA-4EFF-8D30-5555119DB7CF}.Release|x64.ActiveCfg = Release|x64
		{05710F49-EBCA-4EFF-8D30-5555119DB7CF}.Release|x64.Build.0 = Release|x64
		{05710F49-EBCA-4EFF-8D30-5555119DB7CF}.Release|x86.ActiveCfg = Release|Win32
		{05710F49-EBCA-4EFF-8D30-5555119DB7CF}.Release|x86.Build.0 = Release|Win32
	EndGlobalSection
	GlobalSection(SolutionProperties) = preSolution
		HideSolutionNode = FALSE
	EndGlobalSection
	GlobalSection(ExtensibilityGlobals) = postSolution
		SolutionGuid = {9F7D0466-C1B1-48FC-9E41-AC24DD57403F}
	EndGlobalSection
EndGlobal
